
Microsoft Visual Studio Solution File, Format Version 12.00
# Visual Studio Version 16
VisualStudioVersion = 16.0.29613.14
MinimumVisualStudioVersion = 10.0.40219.1
Project("{FAE04EC0-301F-11D3-BF4B-00C04F79EFBC}") = "Крестики_Нолики", "Крестики_Нолики\Крестики_Нолики.csproj", "{C9CF8753-1D68-4680-976A-861C7DBC717C}"
EndProject
Global
	GlobalSection(SolutionConfigurationPlatforms) = preSolution
		Debug|Any CPU = Debug|Any CPU
		Release|Any CPU = Release|Any CPU
	EndGlobalSection
	GlobalSection(ProjectConfigurationPlatforms) = postSolution
		{C9CF8753-1D68-4680-976A-861C7DBC717C}.Debug|Any CPU.ActiveCfg = Debug|Any CPU
		{C9CF8753-1D68-4680-976A-861C7DBC717C}.Debug|Any CPU.Build.0 = Debug|Any CPU
		{C9CF8753-1D68-4680-976A-861C7DBC717C}.Release|Any CPU.ActiveCfg = Release|Any CPU
		{C9CF8753-1D68-4680-976A-861C7DBC717C}.Release|Any CPU.Build.0 = Release|Any CPU
	EndGlobalSection
	GlobalSection(SolutionProperties) = preSolution
		HideSolutionNode = FALSE
	EndGlobalSection
	GlobalSection(ExtensibilityGlobals) = postSolution
		SolutionGuid = {973CE95C-AE63-4085-AE15-358D6252433F}
	EndGlobalSection
EndGlobal
